# This file is autogenerated, do not edit; changes may be undone by the next 'dep ensure'.


[[projects]]
  name = "github.com/99designs/gqlgen"
  packages = ["cmd","codegen","codegen/templates","complexity","graphql","graphql/introspection","handler","internal/gopath","internal/imports"]
  revision = "6f486bde038887adf67c3e3766624ef111ea95cf"
  version = "v0.6.0"

[[projects]]
  name = "github.com/agnivade/levenshtein"
  packages = ["."]
  revision = "834b435c3df04fba060c8d74a40d849ab2c4a090"
  version = "v1.0.1"

[[projects]]
  name = "github.com/dgrijalva/jwt-go"
  packages = ["."]
  revision = "06ea1031745cb8b3dab3f6a236daf2b0aa468b7e"
  version = "v3.2.0"

[[projects]]
  name = "github.com/gorilla/websocket"
  packages = ["."]
  revision = "66b9c49e59c6c48f0ffce28c2d8b8a5678502c6d"
  version = "v1.4.0"

[[projects]]
  name = "github.com/hashicorp/golang-lru"
  packages = [".","simplelru"]
  revision = "7087cb70de9f7a8bc0a10c375cb0d2280a8edf9c"
  version = "v0.5.1"

[[projects]]
  name = "github.com/machinebox/graphql"
  packages = ["."]
  revision = "05b17f3157491bbfa5d6fc2006443a272d960d15"
  version = "v0.2.2"

[[projects]]
  name = "github.com/mitchellh/mapstructure"
  packages = ["."]
  revision = "3536a929edddb9a5b34bd6861dc4a9647cb459fe"
  version = "v1.1.2"

[[projects]]
  name = "github.com/pkg/errors"
  packages = ["."]
  revision = "ba968bfe8b2f7e042a574c888954fccecfa385b4"
  version = "v0.8.1"

[[projects]]
  branch = "master"
  name = "github.com/prisma/prisma-client-lib-go"
  packages = ["."]
  revision = "68a1f9908416aebb5bbb0bc3cdec3321d74cb7af"

[[projects]]
  branch = "master"
  name = "github.com/prisma/prisma-examples"
  packages = ["go/graphql/prisma-client"]
  revision = "bd80062ae4efcda2c5270d314d56a4db4604d418"

[[projects]]
  name = "github.com/urfave/cli"
  packages = ["."]
  revision = "cfb38830724cc34fedffe9a2a29fb54fa9169cd1"
  version = "v1.20.0"

[[projects]]
  name = "github.com/vektah/gqlparser"
  packages = [".","ast","gqlerror","lexer","parser","validator","validator/rules"]
  revision = "05741cdb0871330d8bc980d4afd21ab34eceee83"
  version = "v1.1.2"

[[projects]]
  branch = "master"
  name = "golang.org/x/tools"
  packages = ["go/ast/astutil","go/buildutil","go/gcexportdata","go/internal/cgo","go/internal/gcimporter","go/internal/packagesdriver","go/loader","go/packages","go/types/typeutil","imports","internal/fastwalk","internal/gopathwalk","internal/module","internal/semver"]
  revision = "bb1270c20edf080f9f069ea11a1fe5c2b0ebd62c"

[[projects]]
  name = "gopkg.in/yaml.v2"
  packages = ["."]
  revision = "51d6538a90f86fe93ac480b35f37b2be17fef232"
  version = "v2.2.2"

[solve-meta]
  analyzer-name = "dep"
  analyzer-version = 1
  inputs-digest = "f339143ee211a8ce519a9227d7c2fbe9359cc3decd1d3cfacfe5f018f3236666"
  solver-name = "gps-cdcl"
  solver-version = 1
